
Microsoft Visual Studio Solution File, Format Version 12.00
# Visual Studio Version 17
VisualStudioVersion = 17.14.37314.3 d17.14
MinimumVisualStudioVersion = 10.0.40219.1
Project("{FAE04EC0-301F-11D3-BF4B-00C04F79EFBC}") = "MindWaves", "MindWaves.csproj", "{83988040-ABD9-4F00-B4A1-DEF8301291DA}"
EndProject
Global
	GlobalSection(SolutionConfigurationPlatforms) = preSolution
		Debug|Any CPU = Debug|Any CPU
		Release|Any CPU = Release|Any CPU
	EndGlobalSection
	GlobalSection(ProjectConfigurationPlatforms) = postSolution
		{83988040-ABD9-4F00-B4A1-DEF8301291DA}.Debug|Any CPU.ActiveCfg = Debug|Any CPU
		{83988040-ABD9-4F00-B4A1-DEF8301291DA}.Debug|Any CPU.Build.0 = Debug|Any CPU
		{83988040-ABD9-4F00-B4A1-DEF8301291DA}.Release|Any CPU.ActiveCfg = Release|Any CPU
		{83988040-ABD9-4F00-B4A1-DEF8301291DA}.Release|Any CPU.Build.0 = Release|Any CPU
	EndGlobalSection
	GlobalSection(SolutionProperties) = preSolution
		HideSolutionNode = FALSE
	EndGlobalSection
	GlobalSection(ExtensibilityGlobals) = postSolution
		SolutionGuid = {2C81FCC4-1059-4C99-95FC-812D9F90D452}
	EndGlobalSection
EndGlobal
